
Microsoft Visual Studio Solution File, Format Version 12.00
# Visual Studio Version 16
VisualStudioVersion = 16.0.30413.136
MinimumVisualStudioVersion = 10.0.40219.1
Project("{FAE04EC0-301F-11D3-BF4B-00C04F79EFBC}") = "Arac_Satis_Website", "Arac_Satis_Website\Arac_Satis_Website.csproj", "{8B1F66AD-E131-4104-A474-2D9C3C536D42}"
EndProject
Global
	GlobalSection(SolutionConfigurationPlatforms) = preSolution
		Debug|Any CPU = Debug|Any CPU
		Release|Any CPU = Release|Any CPU
	EndGlobalSection
	GlobalSection(ProjectConfigurationPlatforms) = postSolution
		{8B1F66AD-E131-4104-A474-2D9C3C536D42}.Debug|Any CPU.ActiveCfg = Debug|Any CPU
		{8B1F66AD-E131-4104-A474-2D9C3C536D42}.Debug|Any CPU.Build.0 = Debug|Any CPU
		{8B1F66AD-E131-4104-A474-2D9C3C536D42}.Release|Any CPU.ActiveCfg = Release|Any CPU
		{8B1F66AD-E131-4104-A474-2D9C3C536D42}.Release|Any CPU.Build.0 = Release|Any CPU
	EndGlobalSection
	GlobalSection(SolutionProperties) = preSolution
		HideSolutionNode = FALSE
	EndGlobalSection
	GlobalSection(ExtensibilityGlobals) = postSolution
		SolutionGuid = {B07C1B48-31BF-4EB6-9A33-F0120EDE7A85}
	EndGlobalSection
EndGlobal
